
Microsoft Visual Studio Solution File, Format Version 12.00
# Visual Studio Version 17
VisualStudioVersion = 17.1.32328.378
MinimumVisualStudioVersion = 10.0.40219.1
Project("{FAE04EC0-301F-11D3-BF4B-00C04F79EFBC}") = "WebAppTest2", "WebAppTest2\WebAppTest2.csproj", "{08D437FD-9201-49BA-BD34-47F0794B1A07}"
EndProject
Global
	GlobalSection(SolutionConfigurationPlatforms) = preSolution
		Debug|Any CPU = Debug|Any CPU
		Release|Any CPU = Release|Any CPU
	EndGlobalSection
	GlobalSection(ProjectConfigurationPlatforms) = postSolution
		{08D437FD-9201-49BA-BD34-47F0794B1A07}.Debug|Any CPU.ActiveCfg = Debug|Any CPU
		{08D437FD-9201-49BA-BD34-47F0794B1A07}.Debug|Any CPU.Build.0 = Debug|Any CPU
		{08D437FD-9201-49BA-BD34-47F0794B1A07}.Release|Any CPU.ActiveCfg = Release|Any CPU
		{08D437FD-9201-49BA-BD34-47F0794B1A07}.Release|Any CPU.Build.0 = Release|Any CPU
	EndGlobalSection
	GlobalSection(SolutionProperties) = preSolution
		HideSolutionNode = FALSE
	EndGlobalSection
	GlobalSection(ExtensibilityGlobals) = postSolution
		SolutionGuid = {8C02540B-367B-4D83-8A86-B67975A55333}
	EndGlobalSection
EndGlobal
